
Microsoft Visual Studio Solution File, Format Version 12.00
# Visual Studio Version 17
VisualStudioVersion = 17.2.32630.192
MinimumVisualStudioVersion = 10.0.40219.1
Project("{FAE04EC0-301F-11D3-BF4B-00C04F79EFBC}") = "Part_1", "Part_1\Part_1.csproj", "{37129E58-51D7-4AF1-958C-D0C4C40E9F60}"
EndProject
Global
	GlobalSection(SolutionConfigurationPlatforms) = preSolution
		Debug|Any CPU = Debug|Any CPU
		Release|Any CPU = Release|Any CPU
	EndGlobalSection
	GlobalSection(ProjectConfigurationPlatforms) = postSolution
		{37129E58-51D7-4AF1-958C-D0C4C40E9F60}.Debug|Any CPU.ActiveCfg = Debug|Any CPU
		{37129E58-51D7-4AF1-958C-D0C4C40E9F60}.Debug|Any CPU.Build.0 = Debug|Any CPU
		{37129E58-51D7-4AF1-958C-D0C4C40E9F60}.Release|Any CPU.ActiveCfg = Release|Any CPU
		{37129E58-51D7-4AF1-958C-D0C4C40E9F60}.Release|Any CPU.Build.0 = Release|Any CPU
	EndGlobalSection
	GlobalSection(SolutionProperties) = preSolution
		HideSolutionNode = FALSE
	EndGlobalSection
	GlobalSection(ExtensibilityGlobals) = postSolution
		SolutionGuid = {665816A8-7954-465E-8959-95422679B53D}
	EndGlobalSection
EndGlobal
